
Microsoft Visual Studio Solution File, Format Version 12.00
# Visual Studio 2013
VisualStudioVersion = 12.0.21005.1
MinimumVisualStudioVersion = 10.0.40219.1
Project("{FAE04EC0-301F-11D3-BF4B-00C04F79EFBC}") = "ConfigurationAdminTool.Api", "ConfigurationAdminTool.Api\ConfigurationAdminTool.Api.csproj", "{292E37FC-6ADE-4E50-82EB-8D431D05A8DC}"
EndProject
Project("{FAE04EC0-301F-11D3-BF4B-00C04F79EFBC}") = "ConfigurationAdminTool.Data", "ConfigurationAdminTool.Data\ConfigurationAdminTool.Data.csproj", "{010466D8-C6BD-486C-86B8-6AD76A3F84B7}"
EndProject
Project("{FAE04EC0-301F-11D3-BF4B-00C04F79EFBC}") = "ConfigurationAdminTool.Ui", "ConfigurationAdminTool.Ui\ConfigurationAdminTool.Ui.csproj", "{50BFE50E-A4C7-458E-97B0-4F63A6C46ADF}"
EndProject
Global
	GlobalSection(SolutionConfigurationPlatforms) = preSolution
		Debug|Any CPU = Debug|Any CPU
		QA|Any CPU = QA|Any CPU
		Release|Any CPU = Release|Any CPU
	EndGlobalSection
	GlobalSection(ProjectConfigurationPlatforms) = postSolution
		{292E37FC-6ADE-4E50-82EB-8D431D05A8DC}.Debug|Any CPU.ActiveCfg = Debug|Any CPU
		{292E37FC-6ADE-4E50-82EB-8D431D05A8DC}.Debug|Any CPU.Build.0 = Debug|Any CPU
		{292E37FC-6ADE-4E50-82EB-8D431D05A8DC}.QA|Any CPU.ActiveCfg = QA|Any CPU
		{292E37FC-6ADE-4E50-82EB-8D431D05A8DC}.QA|Any CPU.Build.0 = QA|Any CPU
		{292E37FC-6ADE-4E50-82EB-8D431D05A8DC}.Release|Any CPU.ActiveCfg = Release|Any CPU
		{292E37FC-6ADE-4E50-82EB-8D431D05A8DC}.Release|Any CPU.Build.0 = Release|Any CPU
		{010466D8-C6BD-486C-86B8-6AD76A3F84B7}.Debug|Any CPU.ActiveCfg = Debug|Any CPU
		{010466D8-C6BD-486C-86B8-6AD76A3F84B7}.Debug|Any CPU.Build.0 = Debug|Any CPU
		{010466D8-C6BD-486C-86B8-6AD76A3F84B7}.QA|Any CPU.ActiveCfg = QA|Any CPU
		{010466D8-C6BD-486C-86B8-6AD76A3F84B7}.QA|Any CPU.Build.0 = QA|Any CPU
		{010466D8-C6BD-486C-86B8-6AD76A3F84B7}.Release|Any CPU.ActiveCfg = Release|Any CPU
		{010466D8-C6BD-486C-86B8-6AD76A3F84B7}.Release|Any CPU.Build.0 = Release|Any CPU
		{50BFE50E-A4C7-458E-97B0-4F63A6C46ADF}.Debug|Any CPU.ActiveCfg = Debug|Any CPU
		{50BFE50E-A4C7-458E-97B0-4F63A6C46ADF}.Debug|Any CPU.Build.0 = Debug|Any CPU
		{50BFE50E-A4C7-458E-97B0-4F63A6C46ADF}.QA|Any CPU.ActiveCfg = Release|Any CPU
		{50BFE50E-A4C7-458E-97B0-4F63A6C46ADF}.QA|Any CPU.Build.0 = Release|Any CPU
		{50BFE50E-A4C7-458E-97B0-4F63A6C46ADF}.Release|Any CPU.ActiveCfg = Release|Any CPU
		{50BFE50E-A4C7-458E-97B0-4F63A6C46ADF}.Release|Any CPU.Build.0 = Release|Any CPU
	EndGlobalSection
	GlobalSection(SolutionProperties) = preSolution
		HideSolutionNode = FALSE
	EndGlobalSection
EndGlobal
